
Microsoft Visual Studio Solution File, Format Version 12.00
# Visual Studio Version 17
VisualStudioVersion = 17.7.34009.444
MinimumVisualStudioVersion = 10.0.40219.1
Project("{FAE04EC0-301F-11D3-BF4B-00C04F79EFBC}") = "TwitterBot", "TwitterBot.csproj", "{0C05318E-83F9-469C-AAD8-4D23980A0E66}"
EndProject
Global
	GlobalSection(SolutionConfigurationPlatforms) = preSolution
		Debug|Any CPU = Debug|Any CPU
		Release|Any CPU = Release|Any CPU
	EndGlobalSection
	GlobalSection(ProjectConfigurationPlatforms) = postSolution
		{0C05318E-83F9-469C-AAD8-4D23980A0E66}.Debug|Any CPU.ActiveCfg = Debug|Any CPU
		{0C05318E-83F9-469C-AAD8-4D23980A0E66}.Debug|Any CPU.Build.0 = Debug|Any CPU
		{0C05318E-83F9-469C-AAD8-4D23980A0E66}.Release|Any CPU.ActiveCfg = Release|Any CPU
		{0C05318E-83F9-469C-AAD8-4D23980A0E66}.Release|Any CPU.Build.0 = Release|Any CPU
	EndGlobalSection
	GlobalSection(SolutionProperties) = preSolution
		HideSolutionNode = FALSE
	EndGlobalSection
	GlobalSection(ExtensibilityGlobals) = postSolution
		SolutionGuid = {88015C3F-8BC0-4F77-BEB3-C94FA1F5849A}
	EndGlobalSection
EndGlobal
